
Microsoft Visual Studio Solution File, Format Version 12.00
# Visual Studio Version 17
VisualStudioVersion = 17.4.33213.308
MinimumVisualStudioVersion = 10.0.40219.1
Project("{FAE04EC0-301F-11D3-BF4B-00C04F79EFBC}") = "JobSeeker", "TopJobs\JobSeeker.csproj", "{35686939-616B-4ECB-AD55-166D61CF6068}"
EndProject
Project("{FAE04EC0-301F-11D3-BF4B-00C04F79EFBC}") = "Employer", "Employer\Employer.csproj", "{C1D17A54-E5F9-4A3E-90C9-0DA1B52937E1}"
EndProject
Global
	GlobalSection(SolutionConfigurationPlatforms) = preSolution
		Debug|Any CPU = Debug|Any CPU
		Release|Any CPU = Release|Any CPU
	EndGlobalSection
	GlobalSection(ProjectConfigurationPlatforms) = postSolution
		{35686939-616B-4ECB-AD55-166D61CF6068}.Debug|Any CPU.ActiveCfg = Debug|Any CPU
		{35686939-616B-4ECB-AD55-166D61CF6068}.Debug|Any CPU.Build.0 = Debug|Any CPU
		{35686939-616B-4ECB-AD55-166D61CF6068}.Release|Any CPU.ActiveCfg = Release|Any CPU
		{35686939-616B-4ECB-AD55-166D61CF6068}.Release|Any CPU.Build.0 = Release|Any CPU
		{C1D17A54-E5F9-4A3E-90C9-0DA1B52937E1}.Debug|Any CPU.ActiveCfg = Debug|Any CPU
		{C1D17A54-E5F9-4A3E-90C9-0DA1B52937E1}.Debug|Any CPU.Build.0 = Debug|Any CPU
		{C1D17A54-E5F9-4A3E-90C9-0DA1B52937E1}.Release|Any CPU.ActiveCfg = Release|Any CPU
		{C1D17A54-E5F9-4A3E-90C9-0DA1B52937E1}.Release|Any CPU.Build.0 = Release|Any CPU
	EndGlobalSection
	GlobalSection(SolutionProperties) = preSolution
		HideSolutionNode = FALSE
	EndGlobalSection
	GlobalSection(ExtensibilityGlobals) = postSolution
		SolutionGuid = {24FD3676-FE7D-4F27-83AC-88FEC75E2323}
	EndGlobalSection
EndGlobal
